{
    "_readme": [
        "This file locks the dependencies of your project to a known state",
        "Read more about it at https://getcomposer.org/doc/01-basic-usage.md#composer-lock-the-lock-file",
        "This file is @generated automatically"
    ],
    "content-hash": "8007bd82caed74dac0c8bc56471911ea",
    "packages": [
        {
            "name": "nicolab/php-ftp-client",
            "version": "v1.4.1",
            "source": {
                "type": "git",
                "url": "https://github.com/Nicolab/php-ftp-client.git",
                "reference": "0e0c7666bdc3fb9fc9e63b065c84979588101708"
            },
            "dist": {
                "type": "zip",
                "url": "https://api.github.com/repos/Nicolab/php-ftp-client/zipball/0e0c7666bdc3fb9fc9e63b065c84979588101708",
                "reference": "0e0c7666bdc3fb9fc9e63b065c84979588101708",
                "shasum": ""
            },
            "require": {
                "php": ">=5.4"
            },
            "type": "library",
            "autoload": {
                "psr-0": {
                    "FtpClient": "src/"
                }
            },
            "notification-url": "https://packagist.org/downloads/",
            "license": [
                "MIT"
            ],
            "authors": [
                {
                    "name": "Nicolas Tallefourtane",
                    "email": "dev@nicolab.net",
                    "homepage": "http://nicolab.net"
                }
            ],
            "description": "A flexible FTP and SSL-FTP client for PHP. This lib provides helpers easy to use to manage the remote files.",
            "homepage": "https://github.com/Nicolab/php-ftp-client",
            "keywords": [
                "file",
                "ftp",
                "helper",
                "lib",
                "server",
                "sftp",
                "ssl",
                "ssl-ftp"
            ],
            "time": "2017-01-20T06:44:54+00:00"
        }
    ],
    "packages-dev": [],
    "aliases": [],
    "minimum-stability": "stable",
    "stability-flags": [],
    "prefer-stable": false,
    "prefer-lowest": false,
    "platform": [],
    "platform-dev": []
}
