{
  "requires": true,
  "lockfileVersion": 1,
  "dependencies": {
    "chance": {
      "version": "1.0.12",
      "resolved": "https://registry.npmjs.org/chance/-/chance-1.0.12.tgz",
      "integrity": "sha512-W99uMuboG5CT1iToDmizEH6yQYqICzZnrSRbbXPuJErzFWLPaoiEDvwnKbESjDo/8st1n3pyh70VBMmfqPmf+Q=="
    }
  }
}
